Microsoft Visual Studio Solution File, Format Version 12.00
# Visual Studio Version 17
VisualStudioVersion = 17.5.2.0
MinimumVisualStudioVersion = 10.0.40219.1
Project("{FAE04EC0-301F-11D3-BF4B-00C04F79EFBC}") = "eshop", "eshop.csproj", "{FB260A7E-58FE-4DD9-3FC6-78EF3826864E}"
EndProject
Global
	GlobalSection(SolutionConfigurationPlatforms) = preSolution
		Debug|Any CPU = Debug|Any CPU
		Release|Any CPU = Release|Any CPU
	EndGlobalSection
	GlobalSection(ProjectConfigurationPlatforms) = postSolution
		{FB260A7E-58FE-4DD9-3FC6-78EF3826864E}.Debug|Any CPU.ActiveCfg = Debug|Any CPU
		{FB260A7E-58FE-4DD9-3FC6-78EF3826864E}.Debug|Any CPU.Build.0 = Debug|Any CPU
		{FB260A7E-58FE-4DD9-3FC6-78EF3826864E}.Release|Any CPU.ActiveCfg = Release|Any CPU
		{FB260A7E-58FE-4DD9-3FC6-78EF3826864E}.Release|Any CPU.Build.0 = Release|Any CPU
	EndGlobalSection
	GlobalSection(SolutionProperties) = preSolution
		HideSolutionNode = FALSE
	EndGlobalSection
	GlobalSection(ExtensibilityGlobals) = postSolution
		SolutionGuid = {536EE353-1C30-457D-82B2-DCC70369EA0A}
	EndGlobalSection
EndGlobal
