
Microsoft Visual Studio Solution File, Format Version 12.00
# Visual Studio Version 17
VisualStudioVersion = 17.0.31903.59
MinimumVisualStudioVersion = 10.0.40219.1
Project("{2150E333-8FDC-42A3-9474-1A3956D46DE8}") = "bootstrapper", "bootstrapper", "{5310A871-B8F0-0791-A052-C8A19D59FF82}"
EndProject
Project("{2150E333-8FDC-42A3-9474-1A3956D46DE8}") = "api", "api", "{6E3B0746-CC2F-1E05-CF47-7ADAF88E8A46}"
EndProject
Project("{FAE04EC0-301F-11D3-BF4B-00C04F79EFBC}") = "Api", "bootstrapper\api\Api.csproj", "{B42A55D7-7E6B-4A80-9285-BA4D5E39D9AE}"
EndProject
Project("{2150E333-8FDC-42A3-9474-1A3956D46DE8}") = "modules", "modules", "{CA253913-39DE-BFD0-C9A3-4B7EC6FBDF17}"
EndProject
Project("{FAE04EC0-301F-11D3-BF4B-00C04F79EFBC}") = "Basket", "modules\Basket\Basket.csproj", "{F06D3FA4-E0CA-4BB5-B852-41807AFF65D2}"
EndProject
Project("{FAE04EC0-301F-11D3-BF4B-00C04F79EFBC}") = "Catalog", "modules\Catalog\Catalog.csproj", "{51ECD5C2-E356-477F-9284-12C67115056D}"
EndProject
Project("{FAE04EC0-301F-11D3-BF4B-00C04F79EFBC}") = "Ordering", "modules\Ordering\Ordering.csproj", "{B1A9EF04-C767-426E-A36A-0B3B9A4B2346}"
EndProject
Project("{FAE04EC0-301F-11D3-BF4B-00C04F79EFBC}") = "Shared", "Shared\Shared.csproj", "{0DE3FE34-932B-4EFD-9C58-621192797B0C}"
EndProject
Global
	GlobalSection(SolutionConfigurationPlatforms) = preSolution
		Debug|Any CPU = Debug|Any CPU
		Debug|x64 = Debug|x64
		Debug|x86 = Debug|x86
		Release|Any CPU = Release|Any CPU
		Release|x64 = Release|x64
		Release|x86 = Release|x86
	EndGlobalSection
	GlobalSection(ProjectConfigurationPlatforms) = postSolution
		{B42A55D7-7E6B-4A80-9285-BA4D5E39D9AE}.Debug|Any CPU.ActiveCfg = Debug|Any CPU
		{B42A55D7-7E6B-4A80-9285-BA4D5E39D9AE}.Debug|Any CPU.Build.0 = Debug|Any CPU
		{B42A55D7-7E6B-4A80-9285-BA4D5E39D9AE}.Debug|x64.ActiveCfg = Debug|Any CPU
		{B42A55D7-7E6B-4A80-9285-BA4D5E39D9AE}.Debug|x64.Build.0 = Debug|Any CPU
		{B42A55D7-7E6B-4A80-9285-BA4D5E39D9AE}.Debug|x86.ActiveCfg = Debug|Any CPU
		{B42A55D7-7E6B-4A80-9285-BA4D5E39D9AE}.Debug|x86.Build.0 = Debug|Any CPU
		{B42A55D7-7E6B-4A80-9285-BA4D5E39D9AE}.Release|Any CPU.ActiveCfg = Release|Any CPU
		{B42A55D7-7E6B-4A80-9285-BA4D5E39D9AE}.Release|Any CPU.Build.0 = Release|Any CPU
		{B42A55D7-7E6B-4A80-9285-BA4D5E39D9AE}.Release|x64.ActiveCfg = Release|Any CPU
		{B42A55D7-7E6B-4A80-9285-BA4D5E39D9AE}.Release|x64.Build.0 = Release|Any CPU
		{B42A55D7-7E6B-4A80-9285-BA4D5E39D9AE}.Release|x86.ActiveCfg = Release|Any CPU
		{B42A55D7-7E6B-4A80-9285-BA4D5E39D9AE}.Release|x86.Build.0 = Release|Any CPU
		{F06D3FA4-E0CA-4BB5-B852-41807AFF65D2}.Debug|Any CPU.ActiveCfg = Debug|Any CPU
		{F06D3FA4-E0CA-4BB5-B852-41807AFF65D2}.Debug|Any CPU.Build.0 = Debug|Any CPU
		{F06D3FA4-E0CA-4BB5-B852-41807AFF65D2}.Debug|x64.ActiveCfg = Debug|Any CPU
		{F06D3FA4-E0CA-4BB5-B852-41807AFF65D2}.Debug|x64.Build.0 = Debug|Any CPU
		{F06D3FA4-E0CA-4BB5-B852-41807AFF65D2}.Debug|x86.ActiveCfg = Debug|Any CPU
		{F06D3FA4-E0CA-4BB5-B852-41807AFF65D2}.Debug|x86.Build.0 = Debug|Any CPU
		{F06D3FA4-E0CA-4BB5-B852-41807AFF65D2}.Release|Any CPU.ActiveCfg = Release|Any CPU
		{F06D3FA4-E0CA-4BB5-B852-41807AFF65D2}.Release|Any CPU.Build.0 = Release|Any CPU
		{F06D3FA4-E0CA-4BB5-B852-41807AFF65D2}.Release|x64.ActiveCfg = Release|Any CPU
		{F06D3FA4-E0CA-4BB5-B852-41807AFF65D2}.Release|x64.Build.0 = Release|Any CPU
		{F06D3FA4-E0CA-4BB5-B852-41807AFF65D2}.Release|x86.ActiveCfg = Release|Any CPU
		{F06D3FA4-E0CA-4BB5-B852-41807AFF65D2}.Release|x86.Build.0 = Release|Any CPU
		{51ECD5C2-E356-477F-9284-12C67115056D}.Debug|Any CPU.ActiveCfg = Debug|Any CPU
		{51ECD5C2-E356-477F-9284-12C67115056D}.Debug|Any CPU.Build.0 = Debug|Any CPU
		{51ECD5C2-E356-477F-9284-12C67115056D}.Debug|x64.ActiveCfg = Debug|Any CPU
		{51ECD5C2-E356-477F-9284-12C67115056D}.Debug|x64.Build.0 = Debug|Any CPU
		{51ECD5C2-E356-477F-9284-12C67115056D}.Debug|x86.ActiveCfg = Debug|Any CPU
		{51ECD5C2-E356-477F-9284-12C67115056D}.Debug|x86.Build.0 = Debug|Any CPU
		{51ECD5C2-E356-477F-9284-12C67115056D}.Release|Any CPU.ActiveCfg = Release|Any CPU
		{51ECD5C2-E356-477F-9284-12C67115056D}.Release|Any CPU.Build.0 = Release|Any CPU
		{51ECD5C2-E356-477F-9284-12C67115056D}.Release|x64.ActiveCfg = Release|Any CPU
		{51ECD5C2-E356-477F-9284-12C67115056D}.Release|x64.Build.0 = Release|Any CPU
		{51ECD5C2-E356-477F-9284-12C67115056D}.Release|x86.ActiveCfg = Release|Any CPU
		{51ECD5C2-E356-477F-9284-12C67115056D}.Release|x86.Build.0 = Release|Any CPU
		{B1A9EF04-C767-426E-A36A-0B3B9A4B2346}.Debug|Any CPU.ActiveCfg = Debug|Any CPU
		{B1A9EF04-C767-426E-A36A-0B3B9A4B2346}.Debug|Any CPU.Build.0 = Debug|Any CPU
		{B1A9EF04-C767-426E-A36A-0B3B9A4B2346}.Debug|x64.ActiveCfg = Debug|Any CPU
		{B1A9EF04-C767-426E-A36A-0B3B9A4B2346}.Debug|x64.Build.0 = Debug|Any CPU
		{B1A9EF04-C767-426E-A36A-0B3B9A4B2346}.Debug|x86.ActiveCfg = Debug|Any CPU
		{B1A9EF04-C767-426E-A36A-0B3B9A4B2346}.Debug|x86.Build.0 = Debug|Any CPU
		{B1A9EF04-C767-426E-A36A-0B3B9A4B2346}.Release|Any CPU.ActiveCfg = Release|Any CPU
		{B1A9EF04-C767-426E-A36A-0B3B9A4B2346}.Release|Any CPU.Build.0 = Release|Any CPU
		{B1A9EF04-C767-426E-A36A-0B3B9A4B2346}.Release|x64.ActiveCfg = Release|Any CPU
		{B1A9EF04-C767-426E-A36A-0B3B9A4B2346}.Release|x64.Build.0 = Release|Any CPU
		{B1A9EF04-C767-426E-A36A-0B3B9A4B2346}.Release|x86.ActiveCfg = Release|Any CPU
		{B1A9EF04-C767-426E-A36A-0B3B9A4B2346}.Release|x86.Build.0 = Release|Any CPU
		{0DE3FE34-932B-4EFD-9C58-621192797B0C}.Debug|Any CPU.ActiveCfg = Debug|Any CPU
		{0DE3FE34-932B-4EFD-9C58-621192797B0C}.Debug|Any CPU.Build.0 = Debug|Any CPU
		{0DE3FE34-932B-4EFD-9C58-621192797B0C}.Debug|x64.ActiveCfg = Debug|Any CPU
		{0DE3FE34-932B-4EFD-9C58-621192797B0C}.Debug|x64.Build.0 = Debug|Any CPU
		{0DE3FE34-932B-4EFD-9C58-621192797B0C}.Debug|x86.ActiveCfg = Debug|Any CPU
		{0DE3FE34-932B-4EFD-9C58-621192797B0C}.Debug|x86.Build.0 = Debug|Any CPU
		{0DE3FE34-932B-4EFD-9C58-621192797B0C}.Release|Any CPU.ActiveCfg = Release|Any CPU
		{0DE3FE34-932B-4EFD-9C58-621192797B0C}.Release|Any CPU.Build.0 = Release|Any CPU
		{0DE3FE34-932B-4EFD-9C58-621192797B0C}.Release|x64.ActiveCfg = Release|Any CPU
		{0DE3FE34-932B-4EFD-9C58-621192797B0C}.Release|x64.Build.0 = Release|Any CPU
		{0DE3FE34-932B-4EFD-9C58-621192797B0C}.Release|x86.ActiveCfg = Release|Any CPU
		{0DE3FE34-932B-4EFD-9C58-621192797B0C}.Release|x86.Build.0 = Release|Any CPU
	EndGlobalSection
	GlobalSection(SolutionProperties) = preSolution
		HideSolutionNode = FALSE
	EndGlobalSection
	GlobalSection(NestedProjects) = preSolution
		{6E3B0746-CC2F-1E05-CF47-7ADAF88E8A46} = {5310A871-B8F0-0791-A052-C8A19D59FF82}
		{B42A55D7-7E6B-4A80-9285-BA4D5E39D9AE} = {6E3B0746-CC2F-1E05-CF47-7ADAF88E8A46}
		{F06D3FA4-E0CA-4BB5-B852-41807AFF65D2} = {CA253913-39DE-BFD0-C9A3-4B7EC6FBDF17}
		{51ECD5C2-E356-477F-9284-12C67115056D} = {CA253913-39DE-BFD0-C9A3-4B7EC6FBDF17}
		{B1A9EF04-C767-426E-A36A-0B3B9A4B2346} = {CA253913-39DE-BFD0-C9A3-4B7EC6FBDF17}
	EndGlobalSection
EndGlobal
